
Microsoft Visual Studio Solution File, Format Version 12.00
# Visual Studio Version 17
VisualStudioVersion = 17.1.32104.313
MinimumVisualStudioVersion = 10.0.40219.1
Project("{9A19103F-16F7-4668-BE54-9A1E7A4F7556}") = "BlazorWasmDemo.Server", "Server\BlazorWasmDemo.Server.csproj", "{AEC22DCC-7236-4CB1-9B99-D56467F0FB44}"
EndProject
Project("{9A19103F-16F7-4668-BE54-9A1E7A4F7556}") = "BlazorWasmDemo.Client", "Client\BlazorWasmDemo.Client.csproj", "{738DB3DF-22EB-4E94-9D49-3F68C86FAE1E}"
EndProject
Project("{9A19103F-16F7-4668-BE54-9A1E7A4F7556}") = "BlazorWasmDemo.Shared", "Shared\BlazorWasmDemo.Shared.csproj", "{ED937B27-B98F-42C9-B271-E14071B39EA0}"
EndProject
Global
	GlobalSection(SolutionConfigurationPlatforms) = preSolution
		Debug|Any CPU = Debug|Any CPU
		Release|Any CPU = Release|Any CPU
	EndGlobalSection
	GlobalSection(ProjectConfigurationPlatforms) = postSolution
		{AEC22DCC-7236-4CB1-9B99-D56467F0FB44}.Debug|Any CPU.ActiveCfg = Debug|Any CPU
		{AEC22DCC-7236-4CB1-9B99-D56467F0FB44}.Debug|Any CPU.Build.0 = Debug|Any CPU
		{AEC22DCC-7236-4CB1-9B99-D56467F0FB44}.Release|Any CPU.ActiveCfg = Release|Any CPU
		{AEC22DCC-7236-4CB1-9B99-D56467F0FB44}.Release|Any CPU.Build.0 = Release|Any CPU
		{738DB3DF-22EB-4E94-9D49-3F68C86FAE1E}.Debug|Any CPU.ActiveCfg = Debug|Any CPU
		{738DB3DF-22EB-4E94-9D49-3F68C86FAE1E}.Debug|Any CPU.Build.0 = Debug|Any CPU
		{738DB3DF-22EB-4E94-9D49-3F68C86FAE1E}.Release|Any CPU.ActiveCfg = Release|Any CPU
		{738DB3DF-22EB-4E94-9D49-3F68C86FAE1E}.Release|Any CPU.Build.0 = Release|Any CPU
		{ED937B27-B98F-42C9-B271-E14071B39EA0}.Debug|Any CPU.ActiveCfg = Debug|Any CPU
		{ED937B27-B98F-42C9-B271-E14071B39EA0}.Debug|Any CPU.Build.0 = Debug|Any CPU
		{ED937B27-B98F-42C9-B271-E14071B39EA0}.Release|Any CPU.ActiveCfg = Release|Any CPU
		{ED937B27-B98F-42C9-B271-E14071B39EA0}.Release|Any CPU.Build.0 = Release|Any CPU
	EndGlobalSection
	GlobalSection(SolutionProperties) = preSolution
		HideSolutionNode = FALSE
	EndGlobalSection
	GlobalSection(ExtensibilityGlobals) = postSolution
		SolutionGuid = {018B0481-7B20-4681-9DC2-2D74412B486B}
	EndGlobalSection
EndGlobal
